
Microsoft Visual Studio Solution File, Format Version 12.00
# Visual Studio 14
VisualStudioVersion = 14.0.25420.1
MinimumVisualStudioVersion = 10.0.40219.1
Project("{FAE04EC0-301F-11D3-BF4B-00C04F79EFBC}") = "FN21-Aula04-Exemplos", "FN21-Aula04-Exemplos\FN21-Aula04-Exemplos.csproj", "{20263BB7-3D0B-477B-A283-AA1317B001AD}"
EndProject
Global
	GlobalSection(SolutionConfigurationPlatforms) = preSolution
		Debug|Any CPU = Debug|Any CPU
		Release|Any CPU = Release|Any CPU
	EndGlobalSection
	GlobalSection(ProjectConfigurationPlatforms) = postSolution
		{20263BB7-3D0B-477B-A283-AA1317B001AD}.Debug|Any CPU.ActiveCfg = Debug|Any CPU
		{20263BB7-3D0B-477B-A283-AA1317B001AD}.Debug|Any CPU.Build.0 = Debug|Any CPU
		{20263BB7-3D0B-477B-A283-AA1317B001AD}.Release|Any CPU.ActiveCfg = Release|Any CPU
		{20263BB7-3D0B-477B-A283-AA1317B001AD}.Release|Any CPU.Build.0 = Release|Any CPU
	EndGlobalSection
	GlobalSection(SolutionProperties) = preSolution
		HideSolutionNode = FALSE
	EndGlobalSection
EndGlobal
